// !$*UTF8*$!
{
	archiveVersion = 1;
	classes = {
	};
	objectVersion = 56;
	objects = {

/* Begin PBXBuildFile section */
		C2E5D5A82AD847F900CCA6DF /* Random_AppApp.swift in Sources */ = {isa = PBXBuildFile; fileRef = C2E5D5A72AD847F900CCA6DF /* Random_AppApp.swift */; };
		C2E5D5AA2AD847F900CCA6DF /* ContentView.swift in Sources */ = {isa = PBXBuildFile; fileRef = C2E5D5A92AD847F900CCA6DF /* ContentView.swift */; };
		C2E5D5AC2AD847FB00CCA6DF /* Assets.xcassets in Resources */ = {isa = PBXBuildFile; fileRef = C2E5D5AB2AD847FB00CCA6DF /* Assets.xcassets */; };
		C2E5D5AF2AD847FB00CCA6DF /* Preview Assets.xcassets in Resources */ = {isa = PBXBuildFile; fileRef = C2E5D5AE2AD847FB00CCA6DF /* Preview Assets.xcassets */; };
		C2E5D5B92AD847FB00CCA6DF /* Random_AppTests.swift in Sources */ = {isa = PBXBuildFile; fileRef = C2E5D5B82AD847FB00CCA6DF /* Random_AppTests.swift */; };
		C2E5D5C32AD847FB00CCA6DF /* Random_AppUITests.swift in Sources */ = {isa = PBXBuildFile; fileRef = C2E5D5C22AD847FB00CCA6DF /* Random_AppUITests.swift */; };
		C2E5D5C52AD847FB00CCA6DF /* Random_AppUITestsLaunchTests.swift in Sources */ = {isa = PBXBuildFile; fileRef = C2E5D5C42AD847FB00CCA6DF /* Random_AppUITestsLaunchTests.swift */; };
/* End PBXBuildFile section */

/* Begin PBXContainerItemProxy section */
		C2E5D5B52AD847FB00CCA6DF /* PBXContainerItemProxy */ = {
			isa = PBXContainerItemProxy;
			containerPortal = C2E5D59C2AD847F900CCA6DF /* Project object */;
			proxyType = 1;
			remoteGlobalIDString = C2E5D5A32AD847F900CCA6DF;
			remoteInfo = "Random App";
		};
		C2E5D5BF2AD847FB00CCA6DF /* PBXContainerItemProxy */ = {
			isa = PBXContainerItemProxy;
			containerPortal = C2E5D59C2AD847F900CCA6DF /* Project object */;
			proxyType = 1;
			remoteGlobalIDString = C2E5D5A32AD847F900CCA6DF;
			remoteInfo = "Random App";
		};
/* End PBXContainerItemProxy section */

/* Begin PBXFileReference section */
		C2E5D5A42AD847F900CCA6DF /* Random App.app */ = {isa = PBXFileReference; explicitFileType = wrapper.application; includeInIndex = 0; path = "Random App.app"; sourceTree = BUILT_PRODUCTS_DIR; };
		C2E5D5A72AD847F900CCA6DF /* Random_AppApp.swift */ = {isa = PBXFileReference; lastKnownFileType = sourcecode.swift; path = Random_AppApp.swift; sourceTree = "<group>"; };
		C2E5D5A92AD847F900CCA6DF /* ContentView.swift */ = {isa = PBXFileReference; lastKnownFileType = sourcecode.swift; path = ContentView.swift; sourceTree = "<group>"; };
		C2E5D5AB2AD847FB00CCA6DF /* Assets.xcassets */ = {isa = PBXFileReference; lastKnownFileType = folder.assetcatalog; path = Assets.xcassets; sourceTree = "<group>"; };
		C2E5D5AE2AD847FB00CCA6DF /* Preview Assets.xcassets */ = {isa = PBXFileReference; lastKnownFileType = folder.assetcatalog; path = "Preview Assets.xcassets"; sourceTree = "<group>"; };
		C2E5D5B42AD847FB00CCA6DF /* Random AppTests.xctest */ = {isa = PBXFileReference; explicitFileType = wrapper.cfbundle; includeInIndex = 0; path = "Random AppTests.xctest"; sourceTree = BUILT_PRODUCTS_DIR; };
		C2E5D5B82AD847FB00CCA6DF /* Random_AppTests.swift */ = {isa = PBXFileReference; lastKnownFileType = sourcecode.swift; path = Random_AppTests.swift; sourceTree = "<group>"; };
		C2E5D5BE2AD847FB00CCA6DF /* Random AppUITests.xctest */ = {isa = PBXFileReference; explicitFileType = wrapper.cfbundle; includeInIndex = 0; path = "Random AppUITests.xctest"; sourceTree = BUILT_PRODUCTS_DIR; };
		C2E5D5C22AD847FB00CCA6DF /* Random_AppUITests.swift */ = {isa = PBXFileReference; lastKnownFileType = sourcecode.swift; path = Random_AppUITests.swift; sourceTree = "<group>"; };
		C2E5D5C42AD847FB00CCA6DF /* Random_AppUITestsLaunchTests.swift */ = {isa = PBXFileReference; lastKnownFileType = sourcecode.swift; path = Random_AppUITestsLaunchTests.swift; sourceTree = "<group>"; };
/* End PBXFileReference section */

/* Begin PBXFrameworksBuildPhase section */
		C2E5D5A12AD847F900CCA6DF /* Frameworks */ = {
			isa = PBXFrameworksBuildPhase;
			buildActionMask = 2147483647;
			files = (
			);
			runOnlyForDeploymentPostprocessing = 0;
		};
		C2E5D5B12AD847FB00CCA6DF /* Frameworks */ = {
			isa = PBXFrameworksBuildPhase;
			buildActionMask = 2147483647;
			files = (
			);
			runOnlyForDeploymentPostprocessing = 0;
		};
		C2E5D5BB2AD847FB00CCA6DF /* Frameworks */ = {
			isa = PBXFrameworksBuildPhase;
			buildActionMask = 2147483647;
			files = (
			);
			runOnlyForDeploymentPostprocessing = 0;
		};
/* End PBXFrameworksBuildPhase section */

/* Begin PBXGroup section */
		C2E5D59B2AD847F900CCA6DF = {
			isa = PBXGroup;
			children = (
				C2E5D5A62AD847F900CCA6DF /* Random App */,
				C2E5D5B72AD847FB00CCA6DF /* Random AppTests */,
				C2E5D5C12AD847FB00CCA6DF /* Random AppUITests */,
				C2E5D5A52AD847F900CCA6DF /* Products */,
			);
			sourceTree = "<group>";
		};
		C2E5D5A52AD847F900CCA6DF /* Products */ = {
			isa = PBXGroup;
			children = (
				C2E5D5A42AD847F900CCA6DF /* Random App.app */,
				C2E5D5B42AD847FB00CCA6DF /* Random AppTests.xctest */,
				C2E5D5BE2AD847FB00CCA6DF /* Random AppUITests.xctest */,
			);
			name = Products;
			sourceTree = "<group>";
		};
		C2E5D5A62AD847F900CCA6DF /* Random App */ = {
			isa = PBXGroup;
			children = (
				C2E5D5A72AD847F900CCA6DF /* Random_AppApp.swift */,
				C2E5D5A92AD847F900CCA6DF /* ContentView.swift */,
				C2E5D5AB2AD847FB00CCA6DF /* Assets.xcassets */,
				C2E5D5AD2AD847FB00CCA6DF /* Preview Content */,
			);
			path = "Random App";
			sourceTree = "<group>";
		};
		C2E5D5AD2AD847FB00CCA6DF /* Preview Content */ = {
			isa = PBXGroup;
			children = (
				C2E5D5AE2AD847FB00CCA6DF /* Preview Assets.xcassets */,
			);
			path = "Preview Content";
			sourceTree = "<group>";
		};
		C2E5D5B72AD847FB00CCA6DF /* Random AppTests */ = {
			isa = PBXGroup;
			children = (
				C2E5D5B82AD847FB00CCA6DF /* Random_AppTests.swift */,
			);
			path = "Random AppTests";
			sourceTree = "<group>";
		};
		C2E5D5C12AD847FB00CCA6DF /* Random AppUITests */ = {
			isa = PBXGroup;
			children = (
				C2E5D5C22AD847FB00CCA6DF /* Random_AppUITests.swift */,
				C2E5D5C42AD847FB00CCA6DF /* Random_AppUITestsLaunchTests.swift */,
			);
			path = "Random AppUITests";
			sourceTree = "<group>";
		};
/* End PBXGroup section */

/* Begin PBXNativeTarget section */
		C2E5D5A32AD847F900CCA6DF /* Random App */ = {
			isa = PBXNativeTarget;
			buildConfigurationList = C2E5D5C82AD847FB00CCA6DF /* Build configuration list for PBXNativeTarget "Random App" */;
			buildPhases = (
				C2E5D5A02AD847F900CCA6DF /* Sources */,
				C2E5D5A12AD847F900CCA6DF /* Frameworks */,
				C2E5D5A22AD847F900CCA6DF /* Resources */,
			);
			buildRules = (
			);
			dependencies = (
			);
			name = "Random App";
			productName = "Random App";
			productReference = C2E5D5A42AD847F900CCA6DF /* Random App.app */;
			productType = "com.apple.product-type.application";
		};
		C2E5D5B32AD847FB00CCA6DF /* Random AppTests */ = {
			isa = PBXNativeTarget;
			buildConfigurationList = C2E5D5CB2AD847FB00CCA6DF /* Build configuration list for PBXNativeTarget "Random AppTests" */;
			buildPhases = (
				C2E5D5B02AD847FB00CCA6DF /* Sources */,
				C2E5D5B12AD847FB00CCA6DF /* Frameworks */,
				C2E5D5B22AD847FB00CCA6DF /* Resources */,
			);
			buildRules = (
			);
			dependencies = (
				C2E5D5B62AD847FB00CCA6DF /* PBXTargetDependency */,
			);
			name = "Random AppTests";
			productName = "Random AppTests";
			productReference = C2E5D5B42AD847FB00CCA6DF /* Random AppTests.xctest */;
			productType = "com.apple.product-type.bundle.unit-test";
		};
		C2E5D5BD2AD847FB00CCA6DF /* Random AppUITests */ = {
			isa = PBXNativeTarget;
			buildConfigurationList = C2E5D5CE2AD847FB00CCA6DF /* Build configuration list for PBXNativeTarget "Random AppUITests" */;
			buildPhases = (
				C2E5D5BA2AD847FB00CCA6DF /* Sources */,
				C2E5D5BB2AD847FB00CCA6DF /* Frameworks */,
				C2E5D5BC2AD847FB00CCA6DF /* Resources */,
			);
			buildRules = (
			);
			dependencies = (
				C2E5D5C02AD847FB00CCA6DF /* PBXTargetDependency */,
			);
			name = "Random AppUITests";
			productName = "Random AppUITests";
			productReference = C2E5D5BE2AD847FB00CCA6DF /* Random AppUITests.xctest */;
			productType = "com.apple.product-type.bundle.ui-testing";
		};
/* End PBXNativeTarget section */

/* Begin PBXProject section */
		C2E5D59C2AD847F900CCA6DF /* Project object */ = {
			isa = PBXProject;
			attributes = {
				BuildIndependentTargetsInParallel = 1;
				LastSwiftUpdateCheck = 1500;
				LastUpgradeCheck = 1500;
				TargetAttributes = {
					C2E5D5A32AD847F900CCA6DF = {
						CreatedOnToolsVersion = 15.0;
					};
					C2E5D5B32AD847FB00CCA6DF = {
						CreatedOnToolsVersion = 15.0;
						TestTargetID = C2E5D5A32AD847F900CCA6DF;
					};
					C2E5D5BD2AD847FB00CCA6DF = {
						CreatedOnToolsVersion = 15.0;
						TestTargetID = C2E5D5A32AD847F900CCA6DF;
					};
				};
			};
			buildConfigurationList = C2E5D59F2AD847F900CCA6DF /* Build configuration list for PBXProject "Random App" */;
			compatibilityVersion = "Xcode 14.0";
			developmentRegion = en;
			hasScannedForEncodings = 0;
			knownRegions = (
				en,
				Base,
			);
			mainGroup = C2E5D59B2AD847F900CCA6DF;
			productRefGroup = C2E5D5A52AD847F900CCA6DF /* Products */;
			projectDirPath = "";
			projectRoot = "";
			targets = (
				C2E5D5A32AD847F900CCA6DF /* Random App */,
				C2E5D5B32AD847FB00CCA6DF /* Random AppTests */,
				C2E5D5BD2AD847FB00CCA6DF /* Random AppUITests */,
			);
		};
/* End PBXProject section */

/* Begin PBXResourcesBuildPhase section */
		C2E5D5A22AD847F900CCA6DF /* Resources */ = {
			isa = PBXResourcesBuildPhase;
			buildActionMask = 2147483647;
			files = (
				C2E5D5AF2AD847FB00CCA6DF /* Preview Assets.xcassets in Resources */,
				C2E5D5AC2AD847FB00CCA6DF /* Assets.xcassets in Resources */,
			);
			runOnlyForDeploymentPostprocessing = 0;
		};
		C2E5D5B22AD847FB00CCA6DF /* Resources */ = {
			isa = PBXResourcesBuildPhase;
			buildActionMask = 2147483647;
			files = (
			);
			runOnlyForDeploymentPostprocessing = 0;
		};
		C2E5D5BC2AD847FB00CCA6DF /* Resources */ = {
			isa = PBXResourcesBuildPhase;
			buildActionMask = 2147483647;
			files = (
			);
			runOnlyForDeploymentPostprocessing = 0;
		};
/* End PBXResourcesBuildPhase section */

/* Begin PBXSourcesBuildPhase section */
		C2E5D5A02AD847F900CCA6DF /* Sources */ = {
			isa = PBXSourcesBuildPhase;
			buildActionMask = 2147483647;
			files = (
				C2E5D5AA2AD847F900CCA6DF /* ContentView.swift in Sources */,
				C2E5D5A82AD847F900CCA6DF /* Random_AppApp.swift in Sources */,
			);
			runOnlyForDeploymentPostprocessing = 0;
		};
		C2E5D5B02AD847FB00CCA6DF /* Sources */ = {
			isa = PBXSourcesBuildPhase;
			buildActionMask = 2147483647;
			files = (
				C2E5D5B92AD847FB00CCA6DF /* Random_AppTests.swift in Sources */,
			);
			runOnlyForDeploymentPostprocessing = 0;
		};
		C2E5D5BA2AD847FB00CCA6DF /* Sources */ = {
			isa = PBXSourcesBuildPhase;
			buildActionMask = 2147483647;
			files = (
				C2E5D5C32AD847FB00CCA6DF /* Random_AppUITests.swift in Sources */,
				C2E5D5C52AD847FB00CCA6DF /* Random_AppUITestsLaunchTests.swift in Sources */,
			);
			runOnlyForDeploymentPostprocessing = 0;
		};
/* End PBXSourcesBuildPhase section */

/* Begin PBXTargetDependency section */
		C2E5D5B62AD847FB00CCA6DF /* PBXTargetDependency */ = {
			isa = PBXTargetDependency;
			target = C2E5D5A32AD847F900CCA6DF /* Random App */;
			targetProxy = C2E5D5B52AD847FB00CCA6DF /* PBXContainerItemProxy */;
		};
		C2E5D5C02AD847FB00CCA6DF /* PBXTargetDependency */ = {
			isa = PBXTargetDependency;
			target = C2E5D5A32AD847F900CCA6DF /* Random App */;
			targetProxy = C2E5D5BF2AD847FB00CCA6DF /* PBXContainerItemProxy */;
		};
/* End PBXTargetDependency section */

/* Begin XCBuildConfiguration section */
		C2E5D5C62AD847FB00CCA6DF /* Debug */ = {
			isa = XCBuildConfiguration;
			buildSettings = {
				ALWAYS_SEARCH_USER_PATHS = NO;
				ASSETCATALOG_COMPILER_GENERATE_SWIFT_ASSET_SYMBOL_EXTENSIONS = YES;
				CLANG_ANALYZER_NONNULL = YES;
				CLANG_ANALYZER_NUMBER_OBJECT_CONVERSION = YES_AGGRESSIVE;
				CLANG_CXX_LANGUAGE_STANDARD = "gnu++20";
				CLANG_ENABLE_MODULES = YES;
				CLANG_ENABLE_OBJC_ARC = YES;
				CLANG_ENABLE_OBJC_WEAK = YES;
				CLANG_WARN_BLOCK_CAPTURE_AUTORELEASING = YES;
				CLANG_WARN_BOOL_CONVERSION = YES;
				CLANG_WARN_COMMA = YES;
				CLANG_WARN_CONSTANT_CONVERSION = YES;
				CLANG_WARN_DEPRECATED_OBJC_IMPLEMENTATIONS = YES;
				CLANG_WARN_DIRECT_OBJC_ISA_USAGE = YES_ERROR;
				CLANG_WARN_DOCUMENTATION_COMMENTS = YES;
				CLANG_WARN_EMPTY_BODY = YES;
				CLANG_WARN_ENUM_CONVERSION = YES;
				CLANG_WARN_INFINITE_RECURSION = YES;
				CLANG_WARN_INT_CONVERSION = YES;
				CLANG_WARN_NON_LITERAL_NULL_CONVERSION = YES;
				CLANG_WARN_OBJC_IMPLICIT_RETAIN_SELF = YES;
				CLANG_WARN_OBJC_LITERAL_CONVERSION = YES;
				CLANG_WARN_OBJC_ROOT_CLASS = YES_ERROR;
				CLANG_WARN_QUOTED_INCLUDE_IN_FRAMEWORK_HEADER = YES;
				CLANG_WARN_RANGE_LOOP_ANALYSIS = YES;
				CLANG_WARN_STRICT_PROTOTYPES = YES;
				CLANG_WARN_SUSPICIOUS_MOVE = YES;
				CLANG_WARN_UNGUARDED_AVAILABILITY = YES_AGGRESSIVE;
				CLANG_WARN_UNREACHABLE_CODE = YES;
				CLANG_WARN__DUPLICATE_METHOD_MATCH = YES;
				COPY_PHASE_STRIP = NO;
				DEBUG_INFORMATION_FORMAT = dwarf;
				ENABLE_STRICT_OBJC_MSGSEND = YES;
				ENABLE_TESTABILITY = YES;
				ENABLE_USER_SCRIPT_SANDBOXING = YES;
				GCC_C_LANGUAGE_STANDARD = gnu17;
				GCC_DYNAMIC_NO_PIC = NO;
				GCC_NO_COMMON_BLOCKS = YES;
				GCC_OPTIMIZATION_LEVEL = 0;
				GCC_PREPROCESSOR_DEFINITIONS = (
					"DEBUG=1",
					"$(inherited)",
				);
				GCC_WARN_64_TO_32_BIT_CONVERSION = YES;
				GCC_WARN_ABOUT_RETURN_TYPE = YES_ERROR;
				GCC_WARN_UNDECLARED_SELECTOR = YES;
				GCC_WARN_UNINITIALIZED_AUTOS = YES_AGGRESSIVE;
				GCC_WARN_UNUSED_FUNCTION = YES;
				GCC_WARN_UNUSED_VARIABLE = YES;
				IPHONEOS_DEPLOYMENT_TARGET = 17.0;
				LOCALIZATION_PREFERS_STRING_CATALOGS = YES;
				MTL_ENABLE_DEBUG_INFO = INCLUDE_SOURCE;
				MTL_FAST_MATH = YES;
				ONLY_ACTIVE_ARCH = YES;
				SDKROOT = iphoneos;
				SWIFT_ACTIVE_COMPILATION_CONDITIONS = "DEBUG $(inherited)";
				SWIFT_OPTIMIZATION_LEVEL = "-Onone";
			};
			name = Debug;
		};
		C2E5D5C72AD847FB00CCA6DF /* Release */ = {
			isa = XCBuildConfiguration;
			buildSettings = {
				ALWAYS_SEARCH_USER_PATHS = NO;
				ASSETCATALOG_COMPILER_GENERATE_SWIFT_ASSET_SYMBOL_EXTENSIONS = YES;
				CLANG_ANALYZER_NONNULL = YES;
				CLANG_ANALYZER_NUMBER_OBJECT_CONVERSION = YES_AGGRESSIVE;
				CLANG_CXX_LANGUAGE_STANDARD = "gnu++20";
				CLANG_ENABLE_MODULES = YES;
				CLANG_ENABLE_OBJC_ARC = YES;
				CLANG_ENABLE_OBJC_WEAK = YES;
				CLANG_WARN_BLOCK_CAPTURE_AUTORELEASING = YES;
				CLANG_WARN_BOOL_CONVERSION = YES;
				CLANG_WARN_COMMA = YES;
				CLANG_WARN_CONSTANT_CONVERSION = YES;
				CLANG_WARN_DEPRECATED_OBJC_IMPLEMENTATIONS = YES;
				CLANG_WARN_DIRECT_OBJC_ISA_USAGE = YES_ERROR;
				CLANG_WARN_DOCUMENTATION_COMMENTS = YES;
				CLANG_WARN_EMPTY_BODY = YES;
				CLANG_WARN_ENUM_CONVERSION = YES;
				CLANG_WARN_INFINITE_RECURSION = YES;
				CLANG_WARN_INT_CONVERSION = YES;
				CLANG_WARN_NON_LITERAL_NULL_CONVERSION = YES;
				CLANG_WARN_OBJC_IMPLICIT_RETAIN_SELF = YES;
				CLANG_WARN_OBJC_LITERAL_CONVERSION = YES;
				CLANG_WARN_OBJC_ROOT_CLASS = YES_ERROR;
				CLANG_WARN_QUOTED_INCLUDE_IN_FRAMEWORK_HEADER = YES;
				CLANG_WARN_RANGE_LOOP_ANALYSIS = YES;
				CLANG_WARN_STRICT_PROTOTYPES = YES;
				CLANG_WARN_SUSPICIOUS_MOVE = YES;
				CLANG_WARN_UNGUARDED_AVAILABILITY = YES_AGGRESSIVE;
				CLANG_WARN_UNREACHABLE_CODE = YES;
				CLANG_WARN__DUPLICATE_METHOD_MATCH = YES;
				COPY_PHASE_STRIP = NO;
				DEBUG_INFORMATION_FORMAT = "dwarf-with-dsym";
				ENABLE_NS_ASSERTIONS = NO;
				ENABLE_STRICT_OBJC_MSGSEND = YES;
				ENABLE_USER_SCRIPT_SANDBOXING = YES;
				GCC_C_LANGUAGE_STANDARD = gnu17;
				GCC_NO_COMMON_BLOCKS = YES;
				GCC_WARN_64_TO_32_BIT_CONVERSION = YES;
				GCC_WARN_ABOUT_RETURN_TYPE = YES_ERROR;
				GCC_WARN_UNDECLARED_SELECTOR = YES;
				GCC_WARN_UNINITIALIZED_AUTOS = YES_AGGRESSIVE;
				GCC_WARN_UNUSED_FUNCTION = YES;
				GCC_WARN_UNUSED_VARIABLE = YES;
				IPHONEOS_DEPLOYMENT_TARGET = 17.0;
				LOCALIZATION_PREFERS_STRING_CATALOGS = YES;
				MTL_ENABLE_DEBUG_INFO = NO;
				MTL_FAST_MATH = YES;
				SDKROOT = iphoneos;
				SWIFT_COMPILATION_MODE = wholemodule;
				VALIDATE_PRODUCT = YES;
			};
			name = Release;
		};
		C2E5D5C92AD847FB00CCA6DF /* Debug */ = {
			isa = XCBuildConfiguration;
			buildSettings = {
				ASSETCATALOG_COMPILER_APPICON_NAME = AppIcon;
				ASSETCATALOG_COMPILER_GLOBAL_ACCENT_COLOR_NAME = AccentColor;
				CODE_SIGN_STYLE = Automatic;
				CURRENT_PROJECT_VERSION = 1;
				DEVELOPMENT_ASSET_PATHS = "\"Random App/Preview Content\"";
				DEVELOPMENT_TEAM = 6K49Z76P2U;
				ENABLE_PREVIEWS = YES;
				GENERATE_INFOPLIST_FILE = YES;
				INFOPLIST_KEY_UIApplicationSceneManifest_Generation = YES;
				INFOPLIST_KEY_UIApplicationSupportsIndirectInputEvents = YES;
				INFOPLIST_KEY_UILaunchScreen_Generation = YES;
				INFOPLIST_KEY_UISupportedInterfaceOrientations_iPad = "UIInterfaceOrientationPortrait UIInterfaceOrientationPortraitUpsideDown UIInterfaceOrientationLandscapeLeft UIInterfaceOrientationLandscapeRight";
				INFOPLIST_KEY_UISupportedInterfaceOrientations_iPhone = "UIInterfaceOrientationPortrait UIInterfaceOrientationLandscapeLeft UIInterfaceOrientationLandscapeRight";
				LD_RUNPATH_SEARCH_PATHS = (
					"$(inherited)",
					"@executable_path/Frameworks",
				);
				MARKETING_VERSION = 1.0;
				PRODUCT_BUNDLE_IDENTIFIER = "MoLab.Random-App";
				PRODUCT_NAME = "$(TARGET_NAME)";
				SWIFT_EMIT_LOC_STRINGS = YES;
				SWIFT_VERSION = 5.0;
				TARGETED_DEVICE_FAMILY = "1,2";
			};
			name = Debug;
		};
		C2E5D5CA2AD847FB00CCA6DF /* Release */ = {
			isa = XCBuildConfiguration;
			buildSettings = {
				ASSETCATALOG_COMPILER_APPICON_NAME = AppIcon;
				ASSETCATALOG_COMPILER_GLOBAL_ACCENT_COLOR_NAME = AccentColor;
				CODE_SIGN_STYLE = Automatic;
				CURRENT_PROJECT_VERSION = 1;
				DEVELOPMENT_ASSET_PATHS = "\"Random App/Preview Content\"";
				DEVELOPMENT_TEAM = 6K49Z76P2U;
				ENABLE_PREVIEWS = YES;
				GENERATE_INFOPLIST_FILE = YES;
				INFOPLIST_KEY_UIApplicationSceneManifest_Generation = YES;
				INFOPLIST_KEY_UIApplicationSupportsIndirectInputEvents = YES;
				INFOPLIST_KEY_UILaunchScreen_Generation = YES;
				INFOPLIST_KEY_UISupportedInterfaceOrientations_iPad = "UIInterfaceOrientationPortrait UIInterfaceOrientationPortraitUpsideDown UIInterfaceOrientationLandscapeLeft UIInterfaceOrientationLandscapeRight";
				INFOPLIST_KEY_UISupportedInterfaceOrientations_iPhone = "UIInterfaceOrientationPortrait UIInterfaceOrientationLandscapeLeft UIInterfaceOrientationLandscapeRight";
				LD_RUNPATH_SEARCH_PATHS = (
					"$(inherited)",
					"@executable_path/Frameworks",
				);
				MARKETING_VERSION = 1.0;
				PRODUCT_BUNDLE_IDENTIFIER = "MoLab.Random-App";
				PRODUCT_NAME = "$(TARGET_NAME)";
				SWIFT_EMIT_LOC_STRINGS = YES;
				SWIFT_VERSION = 5.0;
				TARGETED_DEVICE_FAMILY = "1,2";
			};
			name = Release;
		};
		C2E5D5CC2AD847FB00CCA6DF /* Debug */ = {
			isa = XCBuildConfiguration;
			buildSettings = {
				ALWAYS_EMBED_SWIFT_STANDARD_LIBRARIES = YES;
				BUNDLE_LOADER = "$(TEST_HOST)";
				CODE_SIGN_STYLE = Automatic;
				CURRENT_PROJECT_VERSION = 1;
				DEVELOPMENT_TEAM = 6K49Z76P2U;
				GENERATE_INFOPLIST_FILE = YES;
				IPHONEOS_DEPLOYMENT_TARGET = 17.0;
				MARKETING_VERSION = 1.0;
				PRODUCT_BUNDLE_IDENTIFIER = "MoLab.Random-AppTests";
				PRODUCT_NAME = "$(TARGET_NAME)";
				SWIFT_EMIT_LOC_STRINGS = NO;
				SWIFT_VERSION = 5.0;
				TARGETED_DEVICE_FAMILY = "1,2";
				TEST_HOST = "$(BUILT_PRODUCTS_DIR)/Random App.app/$(BUNDLE_EXECUTABLE_FOLDER_PATH)/Random App";
			};
			name = Debug;
		};
		C2E5D5CD2AD847FB00CCA6DF /* Release */ = {
			isa = XCBuildConfiguration;
			buildSettings = {
				ALWAYS_EMBED_SWIFT_STANDARD_LIBRARIES = YES;
				BUNDLE_LOADER = "$(TEST_HOST)";
				CODE_SIGN_STYLE = Automatic;
				CURRENT_PROJECT_VERSION = 1;
				DEVELOPMENT_TEAM = 6K49Z76P2U;
				GENERATE_INFOPLIST_FILE = YES;
				IPHONEOS_DEPLOYMENT_TARGET = 17.0;
				MARKETING_VERSION = 1.0;
				PRODUCT_BUNDLE_IDENTIFIER = "MoLab.Random-AppTests";
				PRODUCT_NAME = "$(TARGET_NAME)";
				SWIFT_EMIT_LOC_STRINGS = NO;
				SWIFT_VERSION = 5.0;
				TARGETED_DEVICE_FAMILY = "1,2";
				TEST_HOST = "$(BUILT_PRODUCTS_DIR)/Random App.app/$(BUNDLE_EXECUTABLE_FOLDER_PATH)/Random App";
			};
			name = Release;
		};
		C2E5D5CF2AD847FB00CCA6DF /* Debug */ = {
			isa = XCBuildConfiguration;
			buildSettings = {
				ALWAYS_EMBED_SWIFT_STANDARD_LIBRARIES = YES;
				CODE_SIGN_STYLE = Automatic;
				CURRENT_PROJECT_VERSION = 1;
				DEVELOPMENT_TEAM = 6K49Z76P2U;
				GENERATE_INFOPLIST_FILE = YES;
				MARKETING_VERSION = 1.0;
				PRODUCT_BUNDLE_IDENTIFIER = "MoLab.Random-AppUITests";
				PRODUCT_NAME = "$(TARGET_NAME)";
				SWIFT_EMIT_LOC_STRINGS = NO;
				SWIFT_VERSION = 5.0;
				TARGETED_DEVICE_FAMILY = "1,2";
				TEST_TARGET_NAME = "Random App";
			};
			name = Debug;
		};
		C2E5D5D02AD847FB00CCA6DF /* Release */ = {
			isa = XCBuildConfiguration;
			buildSettings = {
				ALWAYS_EMBED_SWIFT_STANDARD_LIBRARIES = YES;
				CODE_SIGN_STYLE = Automatic;
				CURRENT_PROJECT_VERSION = 1;
				DEVELOPMENT_TEAM = 6K49Z76P2U;
				GENERATE_INFOPLIST_FILE = YES;
				MARKETING_VERSION = 1.0;
				PRODUCT_BUNDLE_IDENTIFIER = "MoLab.Random-AppUITests";
				PRODUCT_NAME = "$(TARGET_NAME)";
				SWIFT_EMIT_LOC_STRINGS = NO;
				SWIFT_VERSION = 5.0;
				TARGETED_DEVICE_FAMILY = "1,2";
				TEST_TARGET_NAME = "Random App";
			};
			name = Release;
		};
/* End XCBuildConfiguration section */

/* Begin XCConfigurationList section */
		C2E5D59F2AD847F900CCA6DF /* Build configuration list for PBXProject "Random App" */ = {
			isa = XCConfigurationList;
			buildConfigurations = (
				C2E5D5C62AD847FB00CCA6DF /* Debug */,
				C2E5D5C72AD847FB00CCA6DF /* Release */,
			);
			defaultConfigurationIsVisible = 0;
			defaultConfigurationName = Release;
		};
		C2E5D5C82AD847FB00CCA6DF /* Build configuration list for PBXNativeTarget "Random App" */ = {
			isa = XCConfigurationList;
			buildConfigurations = (
				C2E5D5C92AD847FB00CCA6DF /* Debug */,
				C2E5D5CA2AD847FB00CCA6DF /* Release */,
			);
			defaultConfigurationIsVisible = 0;
			defaultConfigurationName = Release;
		};
		C2E5D5CB2AD847FB00CCA6DF /* Build configuration list for PBXNativeTarget "Random AppTests" */ = {
			isa = XCConfigurationList;
			buildConfigurations = (
				C2E5D5CC2AD847FB00CCA6DF /* Debug */,
				C2E5D5CD2AD847FB00CCA6DF /* Release */,
			);
			defaultConfigurationIsVisible = 0;
			defaultConfigurationName = Release;
		};
		C2E5D5CE2AD847FB00CCA6DF /* Build configuration list for PBXNativeTarget "Random AppUITests" */ = {
			isa = XCConfigurationList;
			buildConfigurations = (
				C2E5D5CF2AD847FB00CCA6DF /* Debug */,
				C2E5D5D02AD847FB00CCA6DF /* Release */,
			);
			defaultConfigurationIsVisible = 0;
			defaultConfigurationName = Release;
		};
/* End XCConfigurationList section */
	};
	rootObject = C2E5D59C2AD847F900CCA6DF /* Project object */;
}
