// !$*UTF8*$!
{
	archiveVersion = 1;
	classes = {
	};
	objectVersion = 56;
	objects = {

/* Begin PBXBuildFile section */
		7713E81D2AC67C010062377A /* Snacks_AppApp.swift in Sources */ = {isa = PBXBuildFile; fileRef = 7713E81C2AC67C010062377A /* Snacks_AppApp.swift */; };
		7713E81F2AC67C010062377A /* ContentView.swift in Sources */ = {isa = PBXBuildFile; fileRef = 7713E81E2AC67C010062377A /* ContentView.swift */; };
		7713E8212AC67C020062377A /* Assets.xcassets in Resources */ = {isa = PBXBuildFile; fileRef = 7713E8202AC67C020062377A /* Assets.xcassets */; };
		7713E8242AC67C020062377A /* Preview Assets.xcassets in Resources */ = {isa = PBXBuildFile; fileRef = 7713E8232AC67C020062377A /* Preview Assets.xcassets */; };
		7713E82C2AC67C8C0062377A /* Home.swift in Sources */ = {isa = PBXBuildFile; fileRef = 7713E82B2AC67C8C0062377A /* Home.swift */; };
		7713E82F2AC67E470062377A /* CategoryModel.swift in Sources */ = {isa = PBXBuildFile; fileRef = 7713E82E2AC67E470062377A /* CategoryModel.swift */; };
		7713E8312AC6837E0062377A /* ProductModel.swift in Sources */ = {isa = PBXBuildFile; fileRef = 7713E8302AC6837E0062377A /* ProductModel.swift */; };
		7713E8332AC68A700062377A /* CollectionView.swift in Sources */ = {isa = PBXBuildFile; fileRef = 7713E8322AC68A700062377A /* CollectionView.swift */; };
		7713E8352AC68DE20062377A /* CartView.swift in Sources */ = {isa = PBXBuildFile; fileRef = 7713E8342AC68DE20062377A /* CartView.swift */; };
		7713E8372AC696300062377A /* CartManager.swift in Sources */ = {isa = PBXBuildFile; fileRef = 7713E8362AC696300062377A /* CartManager.swift */; };
/* End PBXBuildFile section */

/* Begin PBXFileReference section */
		7713E8192AC67C010062377A /* Snacks App.app */ = {isa = PBXFileReference; explicitFileType = wrapper.application; includeInIndex = 0; path = "Snacks App.app"; sourceTree = BUILT_PRODUCTS_DIR; };
		7713E81C2AC67C010062377A /* Snacks_AppApp.swift */ = {isa = PBXFileReference; lastKnownFileType = sourcecode.swift; path = Snacks_AppApp.swift; sourceTree = "<group>"; };
		7713E81E2AC67C010062377A /* ContentView.swift */ = {isa = PBXFileReference; lastKnownFileType = sourcecode.swift; path = ContentView.swift; sourceTree = "<group>"; };
		7713E8202AC67C020062377A /* Assets.xcassets */ = {isa = PBXFileReference; lastKnownFileType = folder.assetcatalog; path = Assets.xcassets; sourceTree = "<group>"; };
		7713E8232AC67C020062377A /* Preview Assets.xcassets */ = {isa = PBXFileReference; lastKnownFileType = folder.assetcatalog; path = "Preview Assets.xcassets"; sourceTree = "<group>"; };
		7713E82B2AC67C8C0062377A /* Home.swift */ = {isa = PBXFileReference; lastKnownFileType = sourcecode.swift; path = Home.swift; sourceTree = "<group>"; };
		7713E82E2AC67E470062377A /* CategoryModel.swift */ = {isa = PBXFileReference; lastKnownFileType = sourcecode.swift; path = CategoryModel.swift; sourceTree = "<group>"; };
		7713E8302AC6837E0062377A /* ProductModel.swift */ = {isa = PBXFileReference; lastKnownFileType = sourcecode.swift; path = ProductModel.swift; sourceTree = "<group>"; };
		7713E8322AC68A700062377A /* CollectionView.swift */ = {isa = PBXFileReference; lastKnownFileType = sourcecode.swift; path = CollectionView.swift; sourceTree = "<group>"; };
		7713E8342AC68DE20062377A /* CartView.swift */ = {isa = PBXFileReference; lastKnownFileType = sourcecode.swift; path = CartView.swift; sourceTree = "<group>"; };
		7713E8362AC696300062377A /* CartManager.swift */ = {isa = PBXFileReference; lastKnownFileType = sourcecode.swift; path = CartManager.swift; sourceTree = "<group>"; };
/* End PBXFileReference section */

/* Begin PBXFrameworksBuildPhase section */
		7713E8162AC67C010062377A /* Frameworks */ = {
			isa = PBXFrameworksBuildPhase;
			buildActionMask = 2147483647;
			files = (
			);
			runOnlyForDeploymentPostprocessing = 0;
		};
/* End PBXFrameworksBuildPhase section */

/* Begin PBXGroup section */
		7713E8102AC67C000062377A = {
			isa = PBXGroup;
			children = (
				7713E81B2AC67C010062377A /* Snacks App */,
				7713E81A2AC67C010062377A /* Products */,
			);
			sourceTree = "<group>";
		};
		7713E81A2AC67C010062377A /* Products */ = {
			isa = PBXGroup;
			children = (
				7713E8192AC67C010062377A /* Snacks App.app */,
			);
			name = Products;
			sourceTree = "<group>";
		};
		7713E81B2AC67C010062377A /* Snacks App */ = {
			isa = PBXGroup;
			children = (
				7713E81C2AC67C010062377A /* Snacks_AppApp.swift */,
				7713E81E2AC67C010062377A /* ContentView.swift */,
				7713E8362AC696300062377A /* CartManager.swift */,
				7713E82D2AC67DBA0062377A /* Model */,
				7713E82A2AC67C820062377A /* View */,
				7713E8202AC67C020062377A /* Assets.xcassets */,
				7713E8222AC67C020062377A /* Preview Content */,
			);
			path = "Snacks App";
			sourceTree = "<group>";
		};
		7713E8222AC67C020062377A /* Preview Content */ = {
			isa = PBXGroup;
			children = (
				7713E8232AC67C020062377A /* Preview Assets.xcassets */,
			);
			path = "Preview Content";
			sourceTree = "<group>";
		};
		7713E82A2AC67C820062377A /* View */ = {
			isa = PBXGroup;
			children = (
				7713E82B2AC67C8C0062377A /* Home.swift */,
				7713E8322AC68A700062377A /* CollectionView.swift */,
				7713E8342AC68DE20062377A /* CartView.swift */,
			);
			path = View;
			sourceTree = "<group>";
		};
		7713E82D2AC67DBA0062377A /* Model */ = {
			isa = PBXGroup;
			children = (
				7713E82E2AC67E470062377A /* CategoryModel.swift */,
				7713E8302AC6837E0062377A /* ProductModel.swift */,
			);
			path = Model;
			sourceTree = "<group>";
		};
/* End PBXGroup section */

/* Begin PBXNativeTarget section */
		7713E8182AC67C010062377A /* Snacks App */ = {
			isa = PBXNativeTarget;
			buildConfigurationList = 7713E8272AC67C020062377A /* Build configuration list for PBXNativeTarget "Snacks App" */;
			buildPhases = (
				7713E8152AC67C010062377A /* Sources */,
				7713E8162AC67C010062377A /* Frameworks */,
				7713E8172AC67C010062377A /* Resources */,
			);
			buildRules = (
			);
			dependencies = (
			);
			name = "Snacks App";
			productName = "Snacks App";
			productReference = 7713E8192AC67C010062377A /* Snacks App.app */;
			productType = "com.apple.product-type.application";
		};
/* End PBXNativeTarget section */

/* Begin PBXProject section */
		7713E8112AC67C000062377A /* Project object */ = {
			isa = PBXProject;
			attributes = {
				BuildIndependentTargetsInParallel = 1;
				LastSwiftUpdateCheck = 1500;
				LastUpgradeCheck = 1500;
				TargetAttributes = {
					7713E8182AC67C010062377A = {
						CreatedOnToolsVersion = 15.0;
					};
				};
			};
			buildConfigurationList = 7713E8142AC67C000062377A /* Build configuration list for PBXProject "Snacks App" */;
			compatibilityVersion = "Xcode 14.0";
			developmentRegion = en;
			hasScannedForEncodings = 0;
			knownRegions = (
				en,
				Base,
			);
			mainGroup = 7713E8102AC67C000062377A;
			productRefGroup = 7713E81A2AC67C010062377A /* Products */;
			projectDirPath = "";
			projectRoot = "";
			targets = (
				7713E8182AC67C010062377A /* Snacks App */,
			);
		};
/* End PBXProject section */

/* Begin PBXResourcesBuildPhase section */
		7713E8172AC67C010062377A /* Resources */ = {
			isa = PBXResourcesBuildPhase;
			buildActionMask = 2147483647;
			files = (
				7713E8242AC67C020062377A /* Preview Assets.xcassets in Resources */,
				7713E8212AC67C020062377A /* Assets.xcassets in Resources */,
			);
			runOnlyForDeploymentPostprocessing = 0;
		};
/* End PBXResourcesBuildPhase section */

/* Begin PBXSourcesBuildPhase section */
		7713E8152AC67C010062377A /* Sources */ = {
			isa = PBXSourcesBuildPhase;
			buildActionMask = 2147483647;
			files = (
				7713E8332AC68A700062377A /* CollectionView.swift in Sources */,
				7713E8372AC696300062377A /* CartManager.swift in Sources */,
				7713E8352AC68DE20062377A /* CartView.swift in Sources */,
				7713E81F2AC67C010062377A /* ContentView.swift in Sources */,
				7713E82F2AC67E470062377A /* CategoryModel.swift in Sources */,
				7713E82C2AC67C8C0062377A /* Home.swift in Sources */,
				7713E81D2AC67C010062377A /* Snacks_AppApp.swift in Sources */,
				7713E8312AC6837E0062377A /* ProductModel.swift in Sources */,
			);
			runOnlyForDeploymentPostprocessing = 0;
		};
/* End PBXSourcesBuildPhase section */

/* Begin XCBuildConfiguration section */
		7713E8252AC67C020062377A /* Debug */ = {
			isa = XCBuildConfiguration;
			buildSettings = {
				ALWAYS_SEARCH_USER_PATHS = NO;
				ASSETCATALOG_COMPILER_GENERATE_SWIFT_ASSET_SYMBOL_EXTENSIONS = YES;
				CLANG_ANALYZER_NONNULL = YES;
				CLANG_ANALYZER_NUMBER_OBJECT_CONVERSION = YES_AGGRESSIVE;
				CLANG_CXX_LANGUAGE_STANDARD = "gnu++20";
				CLANG_ENABLE_MODULES = YES;
				CLANG_ENABLE_OBJC_ARC = YES;
				CLANG_ENABLE_OBJC_WEAK = YES;
				CLANG_WARN_BLOCK_CAPTURE_AUTORELEASING = YES;
				CLANG_WARN_BOOL_CONVERSION = YES;
				CLANG_WARN_COMMA = YES;
				CLANG_WARN_CONSTANT_CONVERSION = YES;
				CLANG_WARN_DEPRECATED_OBJC_IMPLEMENTATIONS = YES;
				CLANG_WARN_DIRECT_OBJC_ISA_USAGE = YES_ERROR;
				CLANG_WARN_DOCUMENTATION_COMMENTS = YES;
				CLANG_WARN_EMPTY_BODY = YES;
				CLANG_WARN_ENUM_CONVERSION = YES;
				CLANG_WARN_INFINITE_RECURSION = YES;
				CLANG_WARN_INT_CONVERSION = YES;
				CLANG_WARN_NON_LITERAL_NULL_CONVERSION = YES;
				CLANG_WARN_OBJC_IMPLICIT_RETAIN_SELF = YES;
				CLANG_WARN_OBJC_LITERAL_CONVERSION = YES;
				CLANG_WARN_OBJC_ROOT_CLASS = YES_ERROR;
				CLANG_WARN_QUOTED_INCLUDE_IN_FRAMEWORK_HEADER = YES;
				CLANG_WARN_RANGE_LOOP_ANALYSIS = YES;
				CLANG_WARN_STRICT_PROTOTYPES = YES;
				CLANG_WARN_SUSPICIOUS_MOVE = YES;
				CLANG_WARN_UNGUARDED_AVAILABILITY = YES_AGGRESSIVE;
				CLANG_WARN_UNREACHABLE_CODE = YES;
				CLANG_WARN__DUPLICATE_METHOD_MATCH = YES;
				COPY_PHASE_STRIP = NO;
				DEBUG_INFORMATION_FORMAT = dwarf;
				ENABLE_STRICT_OBJC_MSGSEND = YES;
				ENABLE_TESTABILITY = YES;
				ENABLE_USER_SCRIPT_SANDBOXING = YES;
				GCC_C_LANGUAGE_STANDARD = gnu17;
				GCC_DYNAMIC_NO_PIC = NO;
				GCC_NO_COMMON_BLOCKS = YES;
				GCC_OPTIMIZATION_LEVEL = 0;
				GCC_PREPROCESSOR_DEFINITIONS = (
					"DEBUG=1",
					"$(inherited)",
				);
				GCC_WARN_64_TO_32_BIT_CONVERSION = YES;
				GCC_WARN_ABOUT_RETURN_TYPE = YES_ERROR;
				GCC_WARN_UNDECLARED_SELECTOR = YES;
				GCC_WARN_UNINITIALIZED_AUTOS = YES_AGGRESSIVE;
				GCC_WARN_UNUSED_FUNCTION = YES;
				GCC_WARN_UNUSED_VARIABLE = YES;
				IPHONEOS_DEPLOYMENT_TARGET = 17.0;
				LOCALIZATION_PREFERS_STRING_CATALOGS = YES;
				MTL_ENABLE_DEBUG_INFO = INCLUDE_SOURCE;
				MTL_FAST_MATH = YES;
				ONLY_ACTIVE_ARCH = YES;
				SDKROOT = iphoneos;
				SWIFT_ACTIVE_COMPILATION_CONDITIONS = "DEBUG $(inherited)";
				SWIFT_OPTIMIZATION_LEVEL = "-Onone";
			};
			name = Debug;
		};
		7713E8262AC67C020062377A /* Release */ = {
			isa = XCBuildConfiguration;
			buildSettings = {
				ALWAYS_SEARCH_USER_PATHS = NO;
				ASSETCATALOG_COMPILER_GENERATE_SWIFT_ASSET_SYMBOL_EXTENSIONS = YES;
				CLANG_ANALYZER_NONNULL = YES;
				CLANG_ANALYZER_NUMBER_OBJECT_CONVERSION = YES_AGGRESSIVE;
				CLANG_CXX_LANGUAGE_STANDARD = "gnu++20";
				CLANG_ENABLE_MODULES = YES;
				CLANG_ENABLE_OBJC_ARC = YES;
				CLANG_ENABLE_OBJC_WEAK = YES;
				CLANG_WARN_BLOCK_CAPTURE_AUTORELEASING = YES;
				CLANG_WARN_BOOL_CONVERSION = YES;
				CLANG_WARN_COMMA = YES;
				CLANG_WARN_CONSTANT_CONVERSION = YES;
				CLANG_WARN_DEPRECATED_OBJC_IMPLEMENTATIONS = YES;
				CLANG_WARN_DIRECT_OBJC_ISA_USAGE = YES_ERROR;
				CLANG_WARN_DOCUMENTATION_COMMENTS = YES;
				CLANG_WARN_EMPTY_BODY = YES;
				CLANG_WARN_ENUM_CONVERSION = YES;
				CLANG_WARN_INFINITE_RECURSION = YES;
				CLANG_WARN_INT_CONVERSION = YES;
				CLANG_WARN_NON_LITERAL_NULL_CONVERSION = YES;
				CLANG_WARN_OBJC_IMPLICIT_RETAIN_SELF = YES;
				CLANG_WARN_OBJC_LITERAL_CONVERSION = YES;
				CLANG_WARN_OBJC_ROOT_CLASS = YES_ERROR;
				CLANG_WARN_QUOTED_INCLUDE_IN_FRAMEWORK_HEADER = YES;
				CLANG_WARN_RANGE_LOOP_ANALYSIS = YES;
				CLANG_WARN_STRICT_PROTOTYPES = YES;
				CLANG_WARN_SUSPICIOUS_MOVE = YES;
				CLANG_WARN_UNGUARDED_AVAILABILITY = YES_AGGRESSIVE;
				CLANG_WARN_UNREACHABLE_CODE = YES;
				CLANG_WARN__DUPLICATE_METHOD_MATCH = YES;
				COPY_PHASE_STRIP = NO;
				DEBUG_INFORMATION_FORMAT = "dwarf-with-dsym";
				ENABLE_NS_ASSERTIONS = NO;
				ENABLE_STRICT_OBJC_MSGSEND = YES;
				ENABLE_USER_SCRIPT_SANDBOXING = YES;
				GCC_C_LANGUAGE_STANDARD = gnu17;
				GCC_NO_COMMON_BLOCKS = YES;
				GCC_WARN_64_TO_32_BIT_CONVERSION = YES;
				GCC_WARN_ABOUT_RETURN_TYPE = YES_ERROR;
				GCC_WARN_UNDECLARED_SELECTOR = YES;
				GCC_WARN_UNINITIALIZED_AUTOS = YES_AGGRESSIVE;
				GCC_WARN_UNUSED_FUNCTION = YES;
				GCC_WARN_UNUSED_VARIABLE = YES;
				IPHONEOS_DEPLOYMENT_TARGET = 17.0;
				LOCALIZATION_PREFERS_STRING_CATALOGS = YES;
				MTL_ENABLE_DEBUG_INFO = NO;
				MTL_FAST_MATH = YES;
				SDKROOT = iphoneos;
				SWIFT_COMPILATION_MODE = wholemodule;
				VALIDATE_PRODUCT = YES;
			};
			name = Release;
		};
		7713E8282AC67C020062377A /* Debug */ = {
			isa = XCBuildConfiguration;
			buildSettings = {
				ASSETCATALOG_COMPILER_APPICON_NAME = AppIcon;
				ASSETCATALOG_COMPILER_GLOBAL_ACCENT_COLOR_NAME = AccentColor;
				CODE_SIGN_STYLE = Automatic;
				CURRENT_PROJECT_VERSION = 1;
				DEVELOPMENT_ASSET_PATHS = "\"Snacks App/Preview Content\"";
				DEVELOPMENT_TEAM = 76T8HWRHZ5;
				ENABLE_PREVIEWS = YES;
				GENERATE_INFOPLIST_FILE = YES;
				INFOPLIST_KEY_CFBundleDisplayName = Bitez;
				INFOPLIST_KEY_UIApplicationSceneManifest_Generation = YES;
				INFOPLIST_KEY_UIApplicationSupportsIndirectInputEvents = YES;
				INFOPLIST_KEY_UILaunchScreen_Generation = YES;
				INFOPLIST_KEY_UISupportedInterfaceOrientations_iPad = "UIInterfaceOrientationPortrait UIInterfaceOrientationPortraitUpsideDown UIInterfaceOrientationLandscapeLeft UIInterfaceOrientationLandscapeRight";
				INFOPLIST_KEY_UISupportedInterfaceOrientations_iPhone = "UIInterfaceOrientationPortrait UIInterfaceOrientationLandscapeLeft UIInterfaceOrientationLandscapeRight";
				LD_RUNPATH_SEARCH_PATHS = (
					"$(inherited)",
					"@executable_path/Frameworks",
				);
				MARKETING_VERSION = 1.0;
				PRODUCT_BUNDLE_IDENTIFIER = "apx.Snacks-App";
				PRODUCT_NAME = "$(TARGET_NAME)";
				SWIFT_EMIT_LOC_STRINGS = YES;
				SWIFT_VERSION = 5.0;
				TARGETED_DEVICE_FAMILY = "1,2";
			};
			name = Debug;
		};
		7713E8292AC67C020062377A /* Release */ = {
			isa = XCBuildConfiguration;
			buildSettings = {
				ASSETCATALOG_COMPILER_APPICON_NAME = AppIcon;
				ASSETCATALOG_COMPILER_GLOBAL_ACCENT_COLOR_NAME = AccentColor;
				CODE_SIGN_STYLE = Automatic;
				CURRENT_PROJECT_VERSION = 1;
				DEVELOPMENT_ASSET_PATHS = "\"Snacks App/Preview Content\"";
				DEVELOPMENT_TEAM = 76T8HWRHZ5;
				ENABLE_PREVIEWS = YES;
				GENERATE_INFOPLIST_FILE = YES;
				INFOPLIST_KEY_CFBundleDisplayName = Bitez;
				INFOPLIST_KEY_UIApplicationSceneManifest_Generation = YES;
				INFOPLIST_KEY_UIApplicationSupportsIndirectInputEvents = YES;
				INFOPLIST_KEY_UILaunchScreen_Generation = YES;
				INFOPLIST_KEY_UISupportedInterfaceOrientations_iPad = "UIInterfaceOrientationPortrait UIInterfaceOrientationPortraitUpsideDown UIInterfaceOrientationLandscapeLeft UIInterfaceOrientationLandscapeRight";
				INFOPLIST_KEY_UISupportedInterfaceOrientations_iPhone = "UIInterfaceOrientationPortrait UIInterfaceOrientationLandscapeLeft UIInterfaceOrientationLandscapeRight";
				LD_RUNPATH_SEARCH_PATHS = (
					"$(inherited)",
					"@executable_path/Frameworks",
				);
				MARKETING_VERSION = 1.0;
				PRODUCT_BUNDLE_IDENTIFIER = "apx.Snacks-App";
				PRODUCT_NAME = "$(TARGET_NAME)";
				SWIFT_EMIT_LOC_STRINGS = YES;
				SWIFT_VERSION = 5.0;
				TARGETED_DEVICE_FAMILY = "1,2";
			};
			name = Release;
		};
/* End XCBuildConfiguration section */

/* Begin XCConfigurationList section */
		7713E8142AC67C000062377A /* Build configuration list for PBXProject "Snacks App" */ = {
			isa = XCConfigurationList;
			buildConfigurations = (
				7713E8252AC67C020062377A /* Debug */,
				7713E8262AC67C020062377A /* Release */,
			);
			defaultConfigurationIsVisible = 0;
			defaultConfigurationName = Release;
		};
		7713E8272AC67C020062377A /* Build configuration list for PBXNativeTarget "Snacks App" */ = {
			isa = XCConfigurationList;
			buildConfigurations = (
				7713E8282AC67C020062377A /* Debug */,
				7713E8292AC67C020062377A /* Release */,
			);
			defaultConfigurationIsVisible = 0;
			defaultConfigurationName = Release;
		};
/* End XCConfigurationList section */
	};
	rootObject = 7713E8112AC67C000062377A /* Project object */;
}
